
Microsoft Visual Studio Solution File, Format Version 12.00
# Visual Studio Version 16
VisualStudioVersion = 16.0.29215.179
MinimumVisualStudioVersion = 10.0.40219.1
Project("{9A19103F-16F7-4668-BE54-9A1E7A4F7556}") = "MathCore.TestsExtensions", "MathCore.TestsExtensions\MathCore.TestsExtensions.csproj", "{0F039156-E6CB-4EFB-A863-13A1AC2DD4AE}"
EndProject
Project("{9A19103F-16F7-4668-BE54-9A1E7A4F7556}") = "MathCore.TestsExtensions.Tests", "Tests\MathCore.TestsExtensions.Tests\MathCore.TestsExtensions.Tests.csproj", "{10093BD2-D872-4383-B075-92850E009647}"
EndProject
Global
	GlobalSection(SolutionConfigurationPlatforms) = preSolution
		Debug|Any CPU = Debug|Any CPU
		Release|Any CPU = Release|Any CPU
	EndGlobalSection
	GlobalSection(ProjectConfigurationPlatforms) = postSolution
		{0F039156-E6CB-4EFB-A863-13A1AC2DD4AE}.Debug|Any CPU.ActiveCfg = Debug|Any CPU
		{0F039156-E6CB-4EFB-A863-13A1AC2DD4AE}.Debug|Any CPU.Build.0 = Debug|Any CPU
		{0F039156-E6CB-4EFB-A863-13A1AC2DD4AE}.Release|Any CPU.ActiveCfg = Release|Any CPU
		{0F039156-E6CB-4EFB-A863-13A1AC2DD4AE}.Release|Any CPU.Build.0 = Release|Any CPU
		{10093BD2-D872-4383-B075-92850E009647}.Debug|Any CPU.ActiveCfg = Debug|Any CPU
		{10093BD2-D872-4383-B075-92850E009647}.Debug|Any CPU.Build.0 = Debug|Any CPU
		{10093BD2-D872-4383-B075-92850E009647}.Release|Any CPU.ActiveCfg = Release|Any CPU
		{10093BD2-D872-4383-B075-92850E009647}.Release|Any CPU.Build.0 = Release|Any CPU
	EndGlobalSection
	GlobalSection(SolutionProperties) = preSolution
		HideSolutionNode = FALSE
	EndGlobalSection
	GlobalSection(ExtensibilityGlobals) = postSolution
		SolutionGuid = {5C7C0D00-B422-4B19-B6D4-19B55F78389C}
	EndGlobalSection
EndGlobal
